
Microsoft Visual Studio Solution File, Format Version 12.00
# Visual Studio Version 17
VisualStudioVersion = 17.11.35208.52
MinimumVisualStudioVersion = 10.0.40219.1
Project("{9A19103F-16F7-4668-BE54-9A1E7A4F7556}") = "DealersAndDistributors.Server", "DealersAndDistributors.Server\DealersAndDistributors.Server.csproj", "{A08498C3-52A4-4DC7-966E-C78A6500D2D3}"
EndProject
Project("{9A19103F-16F7-4668-BE54-9A1E7A4F7556}") = "Application", "Application\Application.csproj", "{BA3E7AF6-EFBF-4EED-A5C1-45B7E3BD8571}"
EndProject
Project("{9A19103F-16F7-4668-BE54-9A1E7A4F7556}") = "Domain", "Domain\Domain.csproj", "{14D409F1-5E15-4A70-A605-3725DCBCE11F}"
EndProject
Project("{9A19103F-16F7-4668-BE54-9A1E7A4F7556}") = "Infrastructure", "Infrastructure\Infrastructure.csproj", "{A8C21D49-68BC-4378-AB63-3944122F0156}"
EndProject
Project("{FAE04EC0-301F-11D3-BF4B-00C04F79EFBC}") = "Shared", "Shared\Shared.csproj", "{E3CF2D4C-9E49-4186-A742-4567347089A2}"
EndProject
Project("{FAE04EC0-301F-11D3-BF4B-00C04F79EFBC}") = "SharedKernel", "SharedKernel\SharedKernel.csproj", "{FECAD021-09C9-46C3-AF92-72F3D9BAD909}"
EndProject
Project("{FAE04EC0-301F-11D3-BF4B-00C04F79EFBC}") = "AuthPermissions.SqlServer", "AuthPermissions.SqlServer\AuthPermissions.SqlServer.csproj", "{133F31F6-B17A-4E5A-BBEF-FBC0CE12FCDF}"
EndProject
Project("{2150E333-8FDC-42A3-9474-1A3956D46DE8}") = "tests", "tests", "{0AB3BF05-4346-4AA6-1389-037BE0695223}"
EndProject
Project("{FAE04EC0-301F-11D3-BF4B-00C04F79EFBC}") = "Application.Tests", "tests\Application.Tests\Application.Tests.csproj", "{26FE91A4-19C5-40AB-B187-3C6C5E2DF0A9}"
EndProject
Project("{FAE04EC0-301F-11D3-BF4B-00C04F79EFBC}") = "Infrastructure.Tests", "tests\Infrastructure.Tests\Infrastructure.Tests.csproj", "{9C4D6AB7-3D87-4DDC-9ACC-31007538D2EE}"
EndProject
Project("{FAE04EC0-301F-11D3-BF4B-00C04F79EFBC}") = "WebApi.Tests", "tests\WebApi.Tests\WebApi.Tests.csproj", "{D448958A-4918-4DCF-BE2D-4910B823BC39}"
EndProject
Global
	GlobalSection(SolutionConfigurationPlatforms) = preSolution
		Debug|Any CPU = Debug|Any CPU
		Debug|x64 = Debug|x64
		Debug|x86 = Debug|x86
		Release|Any CPU = Release|Any CPU
		Release|x64 = Release|x64
		Release|x86 = Release|x86
	EndGlobalSection
	GlobalSection(ProjectConfigurationPlatforms) = postSolution
		{A08498C3-52A4-4DC7-966E-C78A6500D2D3}.Debug|Any CPU.ActiveCfg = Debug|Any CPU
		{A08498C3-52A4-4DC7-966E-C78A6500D2D3}.Debug|Any CPU.Build.0 = Debug|Any CPU
		{A08498C3-52A4-4DC7-966E-C78A6500D2D3}.Debug|x64.ActiveCfg = Debug|Any CPU
		{A08498C3-52A4-4DC7-966E-C78A6500D2D3}.Debug|x64.Build.0 = Debug|Any CPU
		{A08498C3-52A4-4DC7-966E-C78A6500D2D3}.Debug|x86.ActiveCfg = Debug|Any CPU
		{A08498C3-52A4-4DC7-966E-C78A6500D2D3}.Debug|x86.Build.0 = Debug|Any CPU
		{A08498C3-52A4-4DC7-966E-C78A6500D2D3}.Release|Any CPU.ActiveCfg = Release|Any CPU
		{A08498C3-52A4-4DC7-966E-C78A6500D2D3}.Release|Any CPU.Build.0 = Release|Any CPU
		{A08498C3-52A4-4DC7-966E-C78A6500D2D3}.Release|x64.ActiveCfg = Release|Any CPU
		{A08498C3-52A4-4DC7-966E-C78A6500D2D3}.Release|x64.Build.0 = Release|Any CPU
		{A08498C3-52A4-4DC7-966E-C78A6500D2D3}.Release|x86.ActiveCfg = Release|Any CPU
		{A08498C3-52A4-4DC7-966E-C78A6500D2D3}.Release|x86.Build.0 = Release|Any CPU
		{BA3E7AF6-EFBF-4EED-A5C1-45B7E3BD8571}.Debug|Any CPU.ActiveCfg = Debug|Any CPU
		{BA3E7AF6-EFBF-4EED-A5C1-45B7E3BD8571}.Debug|Any CPU.Build.0 = Debug|Any CPU
		{BA3E7AF6-EFBF-4EED-A5C1-45B7E3BD8571}.Debug|x64.ActiveCfg = Debug|Any CPU
		{BA3E7AF6-EFBF-4EED-A5C1-45B7E3BD8571}.Debug|x64.Build.0 = Debug|Any CPU
		{BA3E7AF6-EFBF-4EED-A5C1-45B7E3BD8571}.Debug|x86.ActiveCfg = Debug|Any CPU
		{BA3E7AF6-EFBF-4EED-A5C1-45B7E3BD8571}.Debug|x86.Build.0 = Debug|Any CPU
		{BA3E7AF6-EFBF-4EED-A5C1-45B7E3BD8571}.Release|Any CPU.ActiveCfg = Release|Any CPU
		{BA3E7AF6-EFBF-4EED-A5C1-45B7E3BD8571}.Release|Any CPU.Build.0 = Release|Any CPU
		{BA3E7AF6-EFBF-4EED-A5C1-45B7E3BD8571}.Release|x64.ActiveCfg = Release|Any CPU
		{BA3E7AF6-EFBF-4EED-A5C1-45B7E3BD8571}.Release|x64.Build.0 = Release|Any CPU
		{BA3E7AF6-EFBF-4EED-A5C1-45B7E3BD8571}.Release|x86.ActiveCfg = Release|Any CPU
		{BA3E7AF6-EFBF-4EED-A5C1-45B7E3BD8571}.Release|x86.Build.0 = Release|Any CPU
		{14D409F1-5E15-4A70-A605-3725DCBCE11F}.Debug|Any CPU.ActiveCfg = Debug|Any CPU
		{14D409F1-5E15-4A70-A605-3725DCBCE11F}.Debug|Any CPU.Build.0 = Debug|Any CPU
		{14D409F1-5E15-4A70-A605-3725DCBCE11F}.Debug|x64.ActiveCfg = Debug|Any CPU
		{14D409F1-5E15-4A70-A605-3725DCBCE11F}.Debug|x64.Build.0 = Debug|Any CPU
		{14D409F1-5E15-4A70-A605-3725DCBCE11F}.Debug|x86.ActiveCfg = Debug|Any CPU
		{14D409F1-5E15-4A70-A605-3725DCBCE11F}.Debug|x86.Build.0 = Debug|Any CPU
		{14D409F1-5E15-4A70-A605-3725DCBCE11F}.Release|Any CPU.ActiveCfg = Release|Any CPU
		{14D409F1-5E15-4A70-A605-3725DCBCE11F}.Release|Any CPU.Build.0 = Release|Any CPU
		{14D409F1-5E15-4A70-A605-3725DCBCE11F}.Release|x64.ActiveCfg = Release|Any CPU
		{14D409F1-5E15-4A70-A605-3725DCBCE11F}.Release|x64.Build.0 = Release|Any CPU
		{14D409F1-5E15-4A70-A605-3725DCBCE11F}.Release|x86.ActiveCfg = Release|Any CPU
		{14D409F1-5E15-4A70-A605-3725DCBCE11F}.Release|x86.Build.0 = Release|Any CPU
		{A8C21D49-68BC-4378-AB63-3944122F0156}.Debug|Any CPU.ActiveCfg = Debug|Any CPU
		{A8C21D49-68BC-4378-AB63-3944122F0156}.Debug|Any CPU.Build.0 = Debug|Any CPU
		{A8C21D49-68BC-4378-AB63-3944122F0156}.Debug|x64.ActiveCfg = Debug|Any CPU
		{A8C21D49-68BC-4378-AB63-3944122F0156}.Debug|x64.Build.0 = Debug|Any CPU
		{A8C21D49-68BC-4378-AB63-3944122F0156}.Debug|x86.ActiveCfg = Debug|Any CPU
		{A8C21D49-68BC-4378-AB63-3944122F0156}.Debug|x86.Build.0 = Debug|Any CPU
		{A8C21D49-68BC-4378-AB63-3944122F0156}.Release|Any CPU.ActiveCfg = Release|Any CPU
		{A8C21D49-68BC-4378-AB63-3944122F0156}.Release|Any CPU.Build.0 = Release|Any CPU
		{A8C21D49-68BC-4378-AB63-3944122F0156}.Release|x64.ActiveCfg = Release|Any CPU
		{A8C21D49-68BC-4378-AB63-3944122F0156}.Release|x64.Build.0 = Release|Any CPU
		{A8C21D49-68BC-4378-AB63-3944122F0156}.Release|x86.ActiveCfg = Release|Any CPU
		{A8C21D49-68BC-4378-AB63-3944122F0156}.Release|x86.Build.0 = Release|Any CPU
		{E3CF2D4C-9E49-4186-A742-4567347089A2}.Debug|Any CPU.ActiveCfg = Debug|Any CPU
		{E3CF2D4C-9E49-4186-A742-4567347089A2}.Debug|Any CPU.Build.0 = Debug|Any CPU
		{E3CF2D4C-9E49-4186-A742-4567347089A2}.Debug|x64.ActiveCfg = Debug|Any CPU
		{E3CF2D4C-9E49-4186-A742-4567347089A2}.Debug|x64.Build.0 = Debug|Any CPU
		{E3CF2D4C-9E49-4186-A742-4567347089A2}.Debug|x86.ActiveCfg = Debug|Any CPU
		{E3CF2D4C-9E49-4186-A742-4567347089A2}.Debug|x86.Build.0 = Debug|Any CPU
		{E3CF2D4C-9E49-4186-A742-4567347089A2}.Release|Any CPU.ActiveCfg = Release|Any CPU
		{E3CF2D4C-9E49-4186-A742-4567347089A2}.Release|Any CPU.Build.0 = Release|Any CPU
		{E3CF2D4C-9E49-4186-A742-4567347089A2}.Release|x64.ActiveCfg = Release|Any CPU
		{E3CF2D4C-9E49-4186-A742-4567347089A2}.Release|x64.Build.0 = Release|Any CPU
		{E3CF2D4C-9E49-4186-A742-4567347089A2}.Release|x86.ActiveCfg = Release|Any CPU
		{E3CF2D4C-9E49-4186-A742-4567347089A2}.Release|x86.Build.0 = Release|Any CPU
		{FECAD021-09C9-46C3-AF92-72F3D9BAD909}.Debug|Any CPU.ActiveCfg = Debug|Any CPU
		{FECAD021-09C9-46C3-AF92-72F3D9BAD909}.Debug|Any CPU.Build.0 = Debug|Any CPU
		{FECAD021-09C9-46C3-AF92-72F3D9BAD909}.Debug|x64.ActiveCfg = Debug|Any CPU
		{FECAD021-09C9-46C3-AF92-72F3D9BAD909}.Debug|x64.Build.0 = Debug|Any CPU
		{FECAD021-09C9-46C3-AF92-72F3D9BAD909}.Debug|x86.ActiveCfg = Debug|Any CPU
		{FECAD021-09C9-46C3-AF92-72F3D9BAD909}.Debug|x86.Build.0 = Debug|Any CPU
		{FECAD021-09C9-46C3-AF92-72F3D9BAD909}.Release|Any CPU.ActiveCfg = Release|Any CPU
		{FECAD021-09C9-46C3-AF92-72F3D9BAD909}.Release|Any CPU.Build.0 = Release|Any CPU
		{FECAD021-09C9-46C3-AF92-72F3D9BAD909}.Release|x64.ActiveCfg = Release|Any CPU
		{FECAD021-09C9-46C3-AF92-72F3D9BAD909}.Release|x64.Build.0 = Release|Any CPU
		{FECAD021-09C9-46C3-AF92-72F3D9BAD909}.Release|x86.ActiveCfg = Release|Any CPU
		{FECAD021-09C9-46C3-AF92-72F3D9BAD909}.Release|x86.Build.0 = Release|Any CPU
		{133F31F6-B17A-4E5A-BBEF-FBC0CE12FCDF}.Debug|Any CPU.ActiveCfg = Debug|Any CPU
		{133F31F6-B17A-4E5A-BBEF-FBC0CE12FCDF}.Debug|Any CPU.Build.0 = Debug|Any CPU
		{133F31F6-B17A-4E5A-BBEF-FBC0CE12FCDF}.Debug|x64.ActiveCfg = Debug|Any CPU
		{133F31F6-B17A-4E5A-BBEF-FBC0CE12FCDF}.Debug|x64.Build.0 = Debug|Any CPU
		{133F31F6-B17A-4E5A-BBEF-FBC0CE12FCDF}.Debug|x86.ActiveCfg = Debug|Any CPU
		{133F31F6-B17A-4E5A-BBEF-FBC0CE12FCDF}.Debug|x86.Build.0 = Debug|Any CPU
		{133F31F6-B17A-4E5A-BBEF-FBC0CE12FCDF}.Release|Any CPU.ActiveCfg = Release|Any CPU
		{133F31F6-B17A-4E5A-BBEF-FBC0CE12FCDF}.Release|Any CPU.Build.0 = Release|Any CPU
		{133F31F6-B17A-4E5A-BBEF-FBC0CE12FCDF}.Release|x64.ActiveCfg = Release|Any CPU
		{133F31F6-B17A-4E5A-BBEF-FBC0CE12FCDF}.Release|x64.Build.0 = Release|Any CPU
		{133F31F6-B17A-4E5A-BBEF-FBC0CE12FCDF}.Release|x86.ActiveCfg = Release|Any CPU
		{133F31F6-B17A-4E5A-BBEF-FBC0CE12FCDF}.Release|x86.Build.0 = Release|Any CPU
		{26FE91A4-19C5-40AB-B187-3C6C5E2DF0A9}.Debug|Any CPU.ActiveCfg = Debug|Any CPU
		{26FE91A4-19C5-40AB-B187-3C6C5E2DF0A9}.Debug|Any CPU.Build.0 = Debug|Any CPU
		{26FE91A4-19C5-40AB-B187-3C6C5E2DF0A9}.Debug|x64.ActiveCfg = Debug|Any CPU
		{26FE91A4-19C5-40AB-B187-3C6C5E2DF0A9}.Debug|x64.Build.0 = Debug|Any CPU
		{26FE91A4-19C5-40AB-B187-3C6C5E2DF0A9}.Debug|x86.ActiveCfg = Debug|Any CPU
		{26FE91A4-19C5-40AB-B187-3C6C5E2DF0A9}.Debug|x86.Build.0 = Debug|Any CPU
		{26FE91A4-19C5-40AB-B187-3C6C5E2DF0A9}.Release|Any CPU.ActiveCfg = Release|Any CPU
		{26FE91A4-19C5-40AB-B187-3C6C5E2DF0A9}.Release|Any CPU.Build.0 = Release|Any CPU
		{26FE91A4-19C5-40AB-B187-3C6C5E2DF0A9}.Release|x64.ActiveCfg = Release|Any CPU
		{26FE91A4-19C5-40AB-B187-3C6C5E2DF0A9}.Release|x64.Build.0 = Release|Any CPU
		{26FE91A4-19C5-40AB-B187-3C6C5E2DF0A9}.Release|x86.ActiveCfg = Release|Any CPU
		{26FE91A4-19C5-40AB-B187-3C6C5E2DF0A9}.Release|x86.Build.0 = Release|Any CPU
		{9C4D6AB7-3D87-4DDC-9ACC-31007538D2EE}.Debug|Any CPU.ActiveCfg = Debug|Any CPU
		{9C4D6AB7-3D87-4DDC-9ACC-31007538D2EE}.Debug|Any CPU.Build.0 = Debug|Any CPU
		{9C4D6AB7-3D87-4DDC-9ACC-31007538D2EE}.Debug|x64.ActiveCfg = Debug|Any CPU
		{9C4D6AB7-3D87-4DDC-9ACC-31007538D2EE}.Debug|x64.Build.0 = Debug|Any CPU
		{9C4D6AB7-3D87-4DDC-9ACC-31007538D2EE}.Debug|x86.ActiveCfg = Debug|Any CPU
		{9C4D6AB7-3D87-4DDC-9ACC-31007538D2EE}.Debug|x86.Build.0 = Debug|Any CPU
		{9C4D6AB7-3D87-4DDC-9ACC-31007538D2EE}.Release|Any CPU.ActiveCfg = Release|Any CPU
		{9C4D6AB7-3D87-4DDC-9ACC-31007538D2EE}.Release|Any CPU.Build.0 = Release|Any CPU
		{9C4D6AB7-3D87-4DDC-9ACC-31007538D2EE}.Release|x64.ActiveCfg = Release|Any CPU
		{9C4D6AB7-3D87-4DDC-9ACC-31007538D2EE}.Release|x64.Build.0 = Release|Any CPU
		{9C4D6AB7-3D87-4DDC-9ACC-31007538D2EE}.Release|x86.ActiveCfg = Release|Any CPU
		{9C4D6AB7-3D87-4DDC-9ACC-31007538D2EE}.Release|x86.Build.0 = Release|Any CPU
		{D448958A-4918-4DCF-BE2D-4910B823BC39}.Debug|Any CPU.ActiveCfg = Debug|Any CPU
		{D448958A-4918-4DCF-BE2D-4910B823BC39}.Debug|Any CPU.Build.0 = Debug|Any CPU
		{D448958A-4918-4DCF-BE2D-4910B823BC39}.Debug|x64.ActiveCfg = Debug|Any CPU
		{D448958A-4918-4DCF-BE2D-4910B823BC39}.Debug|x64.Build.0 = Debug|Any CPU
		{D448958A-4918-4DCF-BE2D-4910B823BC39}.Debug|x86.ActiveCfg = Debug|Any CPU
		{D448958A-4918-4DCF-BE2D-4910B823BC39}.Debug|x86.Build.0 = Debug|Any CPU
		{D448958A-4918-4DCF-BE2D-4910B823BC39}.Release|Any CPU.ActiveCfg = Release|Any CPU
		{D448958A-4918-4DCF-BE2D-4910B823BC39}.Release|Any CPU.Build.0 = Release|Any CPU
		{D448958A-4918-4DCF-BE2D-4910B823BC39}.Release|x64.ActiveCfg = Release|Any CPU
		{D448958A-4918-4DCF-BE2D-4910B823BC39}.Release|x64.Build.0 = Release|Any CPU
		{D448958A-4918-4DCF-BE2D-4910B823BC39}.Release|x86.ActiveCfg = Release|Any CPU
		{D448958A-4918-4DCF-BE2D-4910B823BC39}.Release|x86.Build.0 = Release|Any CPU
	EndGlobalSection
	GlobalSection(SolutionProperties) = preSolution
		HideSolutionNode = FALSE
	EndGlobalSection
	GlobalSection(NestedProjects) = preSolution
		{26FE91A4-19C5-40AB-B187-3C6C5E2DF0A9} = {0AB3BF05-4346-4AA6-1389-037BE0695223}
		{9C4D6AB7-3D87-4DDC-9ACC-31007538D2EE} = {0AB3BF05-4346-4AA6-1389-037BE0695223}
		{D448958A-4918-4DCF-BE2D-4910B823BC39} = {0AB3BF05-4346-4AA6-1389-037BE0695223}
	EndGlobalSection
	GlobalSection(ExtensibilityGlobals) = postSolution
		SolutionGuid = {C4A2DA53-101C-4268-9824-9270ECA911AB}
	EndGlobalSection
EndGlobal
